
Microsoft Visual Studio Solution File, Format Version 12.00
# Visual Studio Version 17
VisualStudioVersion = 17.7.33808.371
MinimumVisualStudioVersion = 10.0.40219.1
Project("{8BC9CEB8-8B4A-11D0-8D11-00A0C91BC942}") = "归并排序", "归并排序.vcxproj", "{7D6535AD-77DF-4E7B-8B04-A9DD65B7A3A7}"
EndProject
Global
	GlobalSection(SolutionConfigurationPlatforms) = preSolution
		Debug|x64 = Debug|x64
		Debug|x86 = Debug|x86
		Release|x64 = Release|x64
		Release|x86 = Release|x86
	EndGlobalSection
	GlobalSection(ProjectConfigurationPlatforms) = postSolution
		{7D6535AD-77DF-4E7B-8B04-A9DD65B7A3A7}.Debug|x64.ActiveCfg = Debug|x64
		{7D6535AD-77DF-4E7B-8B04-A9DD65B7A3A7}.Debug|x64.Build.0 = Debug|x64
		{7D6535AD-77DF-4E7B-8B04-A9DD65B7A3A7}.Debug|x86.ActiveCfg = Debug|Win32
		{7D6535AD-77DF-4E7B-8B04-A9DD65B7A3A7}.Debug|x86.Build.0 = Debug|Win32
		{7D6535AD-77DF-4E7B-8B04-A9DD65B7A3A7}.Release|x64.ActiveCfg = Release|x64
		{7D6535AD-77DF-4E7B-8B04-A9DD65B7A3A7}.Release|x64.Build.0 = Release|x64
		{7D6535AD-77DF-4E7B-8B04-A9DD65B7A3A7}.Release|x86.ActiveCfg = Release|Win32
		{7D6535AD-77DF-4E7B-8B04-A9DD65B7A3A7}.Release|x86.Build.0 = Release|Win32
	EndGlobalSection
	GlobalSection(SolutionProperties) = preSolution
		HideSolutionNode = FALSE
	EndGlobalSection
	GlobalSection(ExtensibilityGlobals) = postSolution
		SolutionGuid = {C86BA637-0B34-44FE-99A6-D3653A958646}
	EndGlobalSection
EndGlobal
